
Microsoft Visual Studio Solution File, Format Version 12.00
# Visual Studio Version 16
VisualStudioVersion = 16.0.30114.105
MinimumVisualStudioVersion = 10.0.40219.1
Project("{F2A71F9B-5D33-465A-A702-920D77279786}") = "pscomplete", "pscomplete.fsproj", "{CDC49CC8-E572-4B91-A848-939D310413FF}"
EndProject
Global
	GlobalSection(SolutionConfigurationPlatforms) = preSolution
		Debug|Any CPU = Debug|Any CPU
		Release|Any CPU = Release|Any CPU
	EndGlobalSection
	GlobalSection(SolutionProperties) = preSolution
		HideSolutionNode = FALSE
	EndGlobalSection
	GlobalSection(ProjectConfigurationPlatforms) = postSolution
		{CDC49CC8-E572-4B91-A848-939D310413FF}.Debug|Any CPU.ActiveCfg = Debug|Any CPU
		{CDC49CC8-E572-4B91-A848-939D310413FF}.Debug|Any CPU.Build.0 = Debug|Any CPU
		{CDC49CC8-E572-4B91-A848-939D310413FF}.Release|Any CPU.ActiveCfg = Release|Any CPU
		{CDC49CC8-E572-4B91-A848-939D310413FF}.Release|Any CPU.Build.0 = Release|Any CPU
	EndGlobalSection
EndGlobal
